// !$*UTF8*$!
{
	archiveVersion = 1;
	classes = {
	};
	objectVersion = 46;
	objects = {

/* Begin PBXBuildFile section */
		F24D7BD11B41A53F00B692E4 /* AppDelegate.swift in Sources */ = {isa = PBXBuildFile; fileRef = F24D7BD01B41A53F00B692E4 /* AppDelegate.swift */; };
		F24D7BD81B41A53F00B692E4 /* Assets.xcassets in Resources */ = {isa = PBXBuildFile; fileRef = F24D7BD71B41A53F00B692E4 /* Assets.xcassets */; };
		F24D7BDB1B41A53F00B692E4 /* LaunchScreen.storyboard in Resources */ = {isa = PBXBuildFile; fileRef = F24D7BD91B41A53F00B692E4 /* LaunchScreen.storyboard */; };
		F24D7BE31B41A61100B692E4 /* DemoTableViewController.swift in Sources */ = {isa = PBXBuildFile; fileRef = F24D7BE21B41A61100B692E4 /* DemoTableViewController.swift */; };
/* End PBXBuildFile section */

/* Begin PBXFileReference section */
		F24D7BCD1B41A53F00B692E4 /* TableViewFooterDemo.app */ = {isa = PBXFileReference; explicitFileType = wrapper.application; includeInIndex = 0; path = TableViewFooterDemo.app; sourceTree = BUILT_PRODUCTS_DIR; };
		F24D7BD01B41A53F00B692E4 /* AppDelegate.swift */ = {isa = PBXFileReference; lastKnownFileType = sourcecode.swift; path = AppDelegate.swift; sourceTree = "<group>"; };
		F24D7BD71B41A53F00B692E4 /* Assets.xcassets */ = {isa = PBXFileReference; lastKnownFileType = folder.assetcatalog; path = Assets.xcassets; sourceTree = "<group>"; };
		F24D7BDA1B41A53F00B692E4 /* Base */ = {isa = PBXFileReference; lastKnownFileType = file.storyboard; name = Base; path = Base.lproj/LaunchScreen.storyboard; sourceTree = "<group>"; };
		F24D7BDC1B41A54000B692E4 /* Info.plist */ = {isa = PBXFileReference; lastKnownFileType = text.plist.xml; path = Info.plist; sourceTree = "<group>"; };
		F24D7BE21B41A61100B692E4 /* DemoTableViewController.swift */ = {isa = PBXFileReference; fileEncoding = 4; lastKnownFileType = sourcecode.swift; path = DemoTableViewController.swift; sourceTree = "<group>"; };
/* End PBXFileReference section */

/* Begin PBXFrameworksBuildPhase section */
		F24D7BCA1B41A53F00B692E4 /* Frameworks */ = {
			isa = PBXFrameworksBuildPhase;
			buildActionMask = 2147483647;
			files = (
			);
			runOnlyForDeploymentPostprocessing = 0;
		};
/* End PBXFrameworksBuildPhase section */

/* Begin PBXGroup section */
		F24D7BC41B41A53F00B692E4 = {
			isa = PBXGroup;
			children = (
				F24D7BCF1B41A53F00B692E4 /* TableViewFooterDemo */,
				F24D7BCE1B41A53F00B692E4 /* Products */,
			);
			sourceTree = "<group>";
		};
		F24D7BCE1B41A53F00B692E4 /* Products */ = {
			isa = PBXGroup;
			children = (
				F24D7BCD1B41A53F00B692E4 /* TableViewFooterDemo.app */,
			);
			name = Products;
			sourceTree = "<group>";
		};
		F24D7BCF1B41A53F00B692E4 /* TableViewFooterDemo */ = {
			isa = PBXGroup;
			children = (
				F24D7BD01B41A53F00B692E4 /* AppDelegate.swift */,
				F24D7BE21B41A61100B692E4 /* DemoTableViewController.swift */,
				F24D7BD71B41A53F00B692E4 /* Assets.xcassets */,
				F24D7BD91B41A53F00B692E4 /* LaunchScreen.storyboard */,
				F24D7BDC1B41A54000B692E4 /* Info.plist */,
			);
			path = TableViewFooterDemo;
			sourceTree = "<group>";
		};
/* End PBXGroup section */

/* Begin PBXNativeTarget section */
		F24D7BCC1B41A53F00B692E4 /* TableViewFooterDemo */ = {
			isa = PBXNativeTarget;
			buildConfigurationList = F24D7BDF1B41A54000B692E4 /* Build configuration list for PBXNativeTarget "TableViewFooterDemo" */;
			buildPhases = (
				F24D7BC91B41A53F00B692E4 /* Sources */,
				F24D7BCA1B41A53F00B692E4 /* Frameworks */,
				F24D7BCB1B41A53F00B692E4 /* Resources */,
			);
			buildRules = (
			);
			dependencies = (
			);
			name = TableViewFooterDemo;
			productName = TableViewFooterDemo;
			productReference = F24D7BCD1B41A53F00B692E4 /* TableViewFooterDemo.app */;
			productType = "com.apple.product-type.application";
		};
/* End PBXNativeTarget section */

/* Begin PBXProject section */
		F24D7BC51B41A53F00B692E4 /* Project object */ = {
			isa = PBXProject;
			attributes = {
				LastUpgradeCheck = 0700;
				ORGANIZATIONNAME = "Dominik Hauser";
				TargetAttributes = {
					F24D7BCC1B41A53F00B692E4 = {
						CreatedOnToolsVersion = 7.0;
					};
				};
			};
			buildConfigurationList = F24D7BC81B41A53F00B692E4 /* Build configuration list for PBXProject "TableViewFooterDemo" */;
			compatibilityVersion = "Xcode 3.2";
			developmentRegion = English;
			hasScannedForEncodings = 0;
			knownRegions = (
				en,
				Base,
			);
			mainGroup = F24D7BC41B41A53F00B692E4;
			productRefGroup = F24D7BCE1B41A53F00B692E4 /* Products */;
			projectDirPath = "";
			projectRoot = "";
			targets = (
				F24D7BCC1B41A53F00B692E4 /* TableViewFooterDemo */,
			);
		};
/* End PBXProject section */

/* Begin PBXResourcesBuildPhase section */
		F24D7BCB1B41A53F00B692E4 /* Resources */ = {
			isa = PBXResourcesBuildPhase;
			buildActionMask = 2147483647;
			files = (
				F24D7BDB1B41A53F00B692E4 /* LaunchScreen.storyboard in Resources */,
				F24D7BD81B41A53F00B692E4 /* Assets.xcassets in Resources */,
			);
			runOnlyForDeploymentPostprocessing = 0;
		};
/* End PBXResourcesBuildPhase section */

/* Begin PBXSourcesBuildPhase section */
		F24D7BC91B41A53F00B692E4 /* Sources */ = {
			isa = PBXSourcesBuildPhase;
			buildActionMask = 2147483647;
			files = (
				F24D7BE31B41A61100B692E4 /* DemoTableViewController.swift in Sources */,
				F24D7BD11B41A53F00B692E4 /* AppDelegate.swift in Sources */,
			);
			runOnlyForDeploymentPostprocessing = 0;
		};
/* End PBXSourcesBuildPhase section */

/* Begin PBXVariantGroup section */
		F24D7BD91B41A53F00B692E4 /* LaunchScreen.storyboard */ = {
			isa = PBXVariantGroup;
			children = (
				F24D7BDA1B41A53F00B692E4 /* Base */,
			);
			name = LaunchScreen.storyboard;
			sourceTree = "<group>";
		};
/* End PBXVariantGroup section */

/* Begin XCBuildConfiguration section */
		F24D7BDD1B41A54000B692E4 /* Debug */ = {
			isa = XCBuildConfiguration;
			buildSettings = {
				ALWAYS_SEARCH_USER_PATHS = NO;
				CLANG_CXX_LANGUAGE_STANDARD = "gnu++0x";
				CLANG_CXX_LIBRARY = "libc++";
				CLANG_ENABLE_MODULES = YES;
				CLANG_ENABLE_OBJC_ARC = YES;
				CLANG_WARN_BOOL_CONVERSION = YES;
				CLANG_WARN_CONSTANT_CONVERSION = YES;
				CLANG_WARN_DIRECT_OBJC_ISA_USAGE = YES_ERROR;
				CLANG_WARN_EMPTY_BODY = YES;
				CLANG_WARN_ENUM_CONVERSION = YES;
				CLANG_WARN_INT_CONVERSION = YES;
				CLANG_WARN_OBJC_ROOT_CLASS = YES_ERROR;
				CLANG_WARN_UNREACHABLE_CODE = YES;
				CLANG_WARN__DUPLICATE_METHOD_MATCH = YES;
				"CODE_SIGN_IDENTITY[sdk=iphoneos*]" = "iPhone Developer";
				COPY_PHASE_STRIP = NO;
				DEBUG_INFORMATION_FORMAT = dwarf;
				ENABLE_STRICT_OBJC_MSGSEND = YES;
				ENABLE_TESTABILITY = YES;
				GCC_C_LANGUAGE_STANDARD = gnu99;
				GCC_DYNAMIC_NO_PIC = NO;
				GCC_NO_COMMON_BLOCKS = YES;
				GCC_OPTIMIZATION_LEVEL = 0;
				GCC_PREPROCESSOR_DEFINITIONS = (
					"DEBUG=1",
					"$(inherited)",
				);
				GCC_WARN_64_TO_32_BIT_CONVERSION = YES;
				GCC_WARN_ABOUT_RETURN_TYPE = YES_ERROR;
				GCC_WARN_UNDECLARED_SELECTOR = YES;
				GCC_WARN_UNINITIALIZED_AUTOS = YES_AGGRESSIVE;
				GCC_WARN_UNUSED_FUNCTION = YES;
				GCC_WARN_UNUSED_VARIABLE = YES;
				IPHONEOS_DEPLOYMENT_TARGET = 9.0;
				MTL_ENABLE_DEBUG_INFO = YES;
				ONLY_ACTIVE_ARCH = YES;
				SDKROOT = iphoneos;
				SWIFT_OPTIMIZATION_LEVEL = "-Onone";
			};
			name = Debug;
		};
		F24D7BDE1B41A54000B692E4 /* Release */ = {
			isa = XCBuildConfiguration;
			buildSettings = {
				ALWAYS_SEARCH_USER_PATHS = NO;
				CLANG_CXX_LANGUAGE_STANDARD = "gnu++0x";
				CLANG_CXX_LIBRARY = "libc++";
				CLANG_ENABLE_MODULES = YES;
				CLANG_ENABLE_OBJC_ARC = YES;
				CLANG_WARN_BOOL_CONVERSION = YES;
				CLANG_WARN_CONSTANT_CONVERSION = YES;
				CLANG_WARN_DIRECT_OBJC_ISA_USAGE = YES_ERROR;
				CLANG_WARN_EMPTY_BODY = YES;
				CLANG_WARN_ENUM_CONVERSION = YES;
				CLANG_WARN_INT_CONVERSION = YES;
				CLANG_WARN_OBJC_ROOT_CLASS = YES_ERROR;
				CLANG_WARN_UNREACHABLE_CODE = YES;
				CLANG_WARN__DUPLICATE_METHOD_MATCH = YES;
				"CODE_SIGN_IDENTITY[sdk=iphoneos*]" = "iPhone Developer";
				COPY_PHASE_STRIP = NO;
				DEBUG_INFORMATION_FORMAT = "dwarf-with-dsym";
				ENABLE_NS_ASSERTIONS = NO;
				ENABLE_STRICT_OBJC_MSGSEND = YES;
				GCC_C_LANGUAGE_STANDARD = gnu99;
				GCC_NO_COMMON_BLOCKS = YES;
				GCC_WARN_64_TO_32_BIT_CONVERSION = YES;
				GCC_WARN_ABOUT_RETURN_TYPE = YES_ERROR;
				GCC_WARN_UNDECLARED_SELECTOR = YES;
				GCC_WARN_UNINITIALIZED_AUTOS = YES_AGGRESSIVE;
				GCC_WARN_UNUSED_FUNCTION = YES;
				GCC_WARN_UNUSED_VARIABLE = YES;
				IPHONEOS_DEPLOYMENT_TARGET = 9.0;
				MTL_ENABLE_DEBUG_INFO = NO;
				SDKROOT = iphoneos;
				VALIDATE_PRODUCT = YES;
			};
			name = Release;
		};
		F24D7BE01B41A54000B692E4 /* Debug */ = {
			isa = XCBuildConfiguration;
			buildSettings = {
				ASSETCATALOG_COMPILER_APPICON_NAME = AppIcon;
				INFOPLIST_FILE = TableViewFooterDemo/Info.plist;
				LD_RUNPATH_SEARCH_PATHS = "$(inherited) @executable_path/Frameworks";
				PRODUCT_BUNDLE_IDENTIFIER = de.dasdom.TableViewFooterDemo;
				PRODUCT_NAME = "$(TARGET_NAME)";
			};
			name = Debug;
		};
		F24D7BE11B41A54000B692E4 /* Release */ = {
			isa = XCBuildConfiguration;
			buildSettings = {
				ASSETCATALOG_COMPILER_APPICON_NAME = AppIcon;
				INFOPLIST_FILE = TableViewFooterDemo/Info.plist;
				LD_RUNPATH_SEARCH_PATHS = "$(inherited) @executable_path/Frameworks";
				PRODUCT_BUNDLE_IDENTIFIER = de.dasdom.TableViewFooterDemo;
				PRODUCT_NAME = "$(TARGET_NAME)";
			};
			name = Release;
		};
/* End XCBuildConfiguration section */

/* Begin XCConfigurationList section */
		F24D7BC81B41A53F00B692E4 /* Build configuration list for PBXProject "TableViewFooterDemo" */ = {
			isa = XCConfigurationList;
			buildConfigurations = (
				F24D7BDD1B41A54000B692E4 /* Debug */,
				F24D7BDE1B41A54000B692E4 /* Release */,
			);
			defaultConfigurationIsVisible = 0;
			defaultConfigurationName = Release;
		};
		F24D7BDF1B41A54000B692E4 /* Build configuration list for PBXNativeTarget "TableViewFooterDemo" */ = {
			isa = XCConfigurationList;
			buildConfigurations = (
				F24D7BE01B41A54000B692E4 /* Debug */,
				F24D7BE11B41A54000B692E4 /* Release */,
			);
			defaultConfigurationIsVisible = 0;
		};
/* End XCConfigurationList section */
	};
	rootObject = F24D7BC51B41A53F00B692E4 /* Project object */;
}
